
Microsoft Visual Studio Solution File, Format Version 12.00
# Visual Studio Version 17
VisualStudioVersion = 17.8.34316.72
MinimumVisualStudioVersion = 10.0.40219.1
Project("{FAE04EC0-301F-11D3-BF4B-00C04F79EFBC}") = "FeuilleDeMatchApp", "FeuilleDeMatchApp\FeuilleDeMatchApp.csproj", "{9ACD122E-F17C-4EE4-BE78-4853D3FD94B6}"
EndProject
Global
	GlobalSection(SolutionConfigurationPlatforms) = preSolution
		Debug|Any CPU = Debug|Any CPU
		Release|Any CPU = Release|Any CPU
	EndGlobalSection
	GlobalSection(ProjectConfigurationPlatforms) = postSolution
		{9ACD122E-F17C-4EE4-BE78-4853D3FD94B6}.Debug|Any CPU.ActiveCfg = Debug|Any CPU
		{9ACD122E-F17C-4EE4-BE78-4853D3FD94B6}.Debug|Any CPU.Build.0 = Debug|Any CPU
		{9ACD122E-F17C-4EE4-BE78-4853D3FD94B6}.Release|Any CPU.ActiveCfg = Release|Any CPU
		{9ACD122E-F17C-4EE4-BE78-4853D3FD94B6}.Release|Any CPU.Build.0 = Release|Any CPU
	EndGlobalSection
	GlobalSection(SolutionProperties) = preSolution
		HideSolutionNode = FALSE
	EndGlobalSection
	GlobalSection(ExtensibilityGlobals) = postSolution
		SolutionGuid = {EC42B00C-C39D-485D-9E34-BA0D8973AC61}
	EndGlobalSection
EndGlobal
